{
  "name": "gyver_web",
  "lockfileVersion": 3,
  "requires": true,
  "packages": {
    "": {
      "dependencies": {
        "bootstrap3": "^3.3.5",
        "fancybox": "^3.0.1",
        "jquery": "^3.6.1",
        "swiper": "^8.4.5"
      }
    },
    "node_modules/bootstrap3": {
      "version": "3.3.5",
      "resolved": "https://registry.npmjs.org/bootstrap3/-/bootstrap3-3.3.5.tgz",
      "integrity": "sha512-KoChQrvYQQv44JrkjEiSy/90CYp5/4QDF2DZZysD/mPYlZGc+z0QN1aLDUiXhl1KIjWNu5UdJ3w8NhrKZnJOUw==",
      "license": "MIT",
      "engines": {
        "node": ">=0.10.1"
      }
    },
    "node_modules/dom7": {
      "version": "4.0.6",
      "resolved": "https://registry.npmjs.org/dom7/-/dom7-4.0.6.tgz",
      "integrity": "sha512-emjdpPLhpNubapLFdjNL9tP06Sr+GZkrIHEXLWvOGsytACUrkbeIdjO5g77m00BrHTznnlcNqgmn7pCN192TBA==",
      "license": "MIT",
      "dependencies": {
        "ssr-window": "^4.0.0"
      }
    },
    "node_modules/fancybox": {
      "version": "3.0.1",
      "resolved": "https://registry.npmjs.org/fancybox/-/fancybox-3.0.1.tgz",
      "integrity": "sha512-HZ57O6j5Zk4Uvusd5pNUgWi7CCjKx+HFlCzjMPeRJ//0bQWUK+xVpkn3EzXWJate4ZSKNFP9kU2l49MP1g+oow==",
      "license": "CC BY-NC 3.0 (http://creativecommons.org/licenses/by-nc/3.0/)"
    },
    "node_modules/jquery": {
      "version": "3.7.1",
      "resolved": "https://registry.npmjs.org/jquery/-/jquery-3.7.1.tgz",
      "integrity": "sha512-m4avr8yL8kmFN8psrbFFFmB/If14iN5o9nw/NgnnM+kybDJpRsAynV2BsfpTYrTRysYUdADVD7CkUUizgkpLfg==",
      "license": "MIT"
    },
    "node_modules/ssr-window": {
      "version": "4.0.2",
      "resolved": "https://registry.npmjs.org/ssr-window/-/ssr-window-4.0.2.tgz",
      "integrity": "sha512-ISv/Ch+ig7SOtw7G2+qkwfVASzazUnvlDTwypdLoPoySv+6MqlOV10VwPSE6EWkGjhW50lUmghPmpYZXMu/+AQ==",
      "license": "MIT"
    },
    "node_modules/swiper": {
      "version": "8.4.7",
      "resolved": "https://registry.npmjs.org/swiper/-/swiper-8.4.7.tgz",
      "integrity": "sha512-VwO/KU3i9IV2Sf+W2NqyzwWob4yX9Qdedq6vBtS0rFqJ6Fa5iLUJwxQkuD4I38w0WDJwmFl8ojkdcRFPHWD+2g==",
      "funding": [
        {
          "type": "patreon",
          "url": "https://www.patreon.com/swiperjs"
        },
        {
          "type": "open_collective",
          "url": "http://opencollective.com/swiper"
        }
      ],
      "hasInstallScript": true,
      "license": "MIT",
      "dependencies": {
        "dom7": "^4.0.4",
        "ssr-window": "^4.0.2"
      },
      "engines": {
        "node": ">= 4.7.0"
      }
    }
  }
}
